<?xml version="1.0" encoding="utf-8"?>
<Project ToolsVersion="16.0" xmlns="http://schemas.microsoft.com/developer/msbuild/2003">
  <ItemGroup>
    <ClCompile Include="D:\Inbox\GitHub Repos\retrofactory\source\core\core_api.cpp">
      <Filter>Source Files</Filter>
    </ClCompile>
  </ItemGroup>
  <ItemGroup>
    <CustomBuild Include="D:\Inbox\GitHub Repos\retrofactory\source\core\CMakeLists.txt" />
  </ItemGroup>
  <ItemGroup>
    <Filter Include="Source Files">
      <UniqueIdentifier>{2F3B78E3-2B30-3DE8-B6F0-9EDBA20A9E0F}</UniqueIdentifier>
    </Filter>
  </ItemGroup>
</Project>
